// !$*UTF8*$!
{
	archiveVersion = 1;
	classes = {
	};
	objectVersion = 56;
	objects = {

/* Begin PBXBuildFile section */
		6779E8F62C28C8850072E5E4 /* CounterFeatureTests.swift in Sources */ = {isa = PBXBuildFile; fileRef = 6779E8F52C28C8840072E5E4 /* CounterFeatureTests.swift */; };
		6779E8F82C28EAAA0072E5E4 /* NumberFactClient.swift in Sources */ = {isa = PBXBuildFile; fileRef = 6779E8F72C28EAAA0072E5E4 /* NumberFactClient.swift */; };
		6779E8FA2C28F4690072E5E4 /* AppFeature.swift in Sources */ = {isa = PBXBuildFile; fileRef = 6779E8F92C28F4690072E5E4 /* AppFeature.swift */; };
		9F0125D22C29CF5300D0B887 /* AppFeatureTests.swift in Sources */ = {isa = PBXBuildFile; fileRef = 9F0125D12C29CF5300D0B887 /* AppFeatureTests.swift */; };
		9F0125D62C2AF7DF00D0B887 /* ContactsFeature.swift in Sources */ = {isa = PBXBuildFile; fileRef = 9F0125D52C2AF7DF00D0B887 /* ContactsFeature.swift */; };
		9F0125DA2C2AF95E00D0B887 /* ContactsView.swift in Sources */ = {isa = PBXBuildFile; fileRef = 9F0125D92C2AF95E00D0B887 /* ContactsView.swift */; };
		9F0125DC2C2AFAD100D0B887 /* AddContactView.swift in Sources */ = {isa = PBXBuildFile; fileRef = 9F0125DB2C2AFAD100D0B887 /* AddContactView.swift */; };
		9F0125DE2C2AFAE000D0B887 /* AddContactFeature.swift in Sources */ = {isa = PBXBuildFile; fileRef = 9F0125DD2C2AFAE000D0B887 /* AddContactFeature.swift */; };
		9F0125E32C2B2EDE00D0B887 /* simpleCounterView.swift in Sources */ = {isa = PBXBuildFile; fileRef = 9F0125E22C2B2EDE00D0B887 /* simpleCounterView.swift */; };
		9F0125E52C2B316400D0B887 /* simpleCounterFeature.swift in Sources */ = {isa = PBXBuildFile; fileRef = 9F0125E42C2B316400D0B887 /* simpleCounterFeature.swift */; };
		9F0125E92C2B357800D0B887 /* AddOptionView.swift in Sources */ = {isa = PBXBuildFile; fileRef = 9F0125E82C2B357800D0B887 /* AddOptionView.swift */; };
		9F0125EB2C2B358700D0B887 /* AddOptionFeature.swift in Sources */ = {isa = PBXBuildFile; fileRef = 9F0125EA2C2B358700D0B887 /* AddOptionFeature.swift */; };
		9F1A3B692C248095000C89F7 /* tcaApp.swift in Sources */ = {isa = PBXBuildFile; fileRef = 9F1A3B682C248095000C89F7 /* tcaApp.swift */; };
		9F1A3B6B2C248095000C89F7 /* CounterView.swift in Sources */ = {isa = PBXBuildFile; fileRef = 9F1A3B6A2C248095000C89F7 /* CounterView.swift */; };
		9F1A3B6D2C248097000C89F7 /* Assets.xcassets in Resources */ = {isa = PBXBuildFile; fileRef = 9F1A3B6C2C248097000C89F7 /* Assets.xcassets */; };
		9F1A3B712C248097000C89F7 /* Preview Assets.xcassets in Resources */ = {isa = PBXBuildFile; fileRef = 9F1A3B702C248097000C89F7 /* Preview Assets.xcassets */; };
		9F1A3B7B2C248097000C89F7 /* tcaTests.swift in Sources */ = {isa = PBXBuildFile; fileRef = 9F1A3B7A2C248097000C89F7 /* tcaTests.swift */; };
		9F1A3B852C248097000C89F7 /* tcaUITests.swift in Sources */ = {isa = PBXBuildFile; fileRef = 9F1A3B842C248097000C89F7 /* tcaUITests.swift */; };
		9F1A3B872C248097000C89F7 /* tcaUITestsLaunchTests.swift in Sources */ = {isa = PBXBuildFile; fileRef = 9F1A3B862C248097000C89F7 /* tcaUITestsLaunchTests.swift */; };
		9F1A3B952C2480F7000C89F7 /* ComposableArchitecture in Frameworks */ = {isa = PBXBuildFile; productRef = 9F1A3B942C2480F7000C89F7 /* ComposableArchitecture */; };
		9FD07CC32C24840A005448F6 /* CounterFeature.swift in Sources */ = {isa = PBXBuildFile; fileRef = 9FD07CC22C24840A005448F6 /* CounterFeature.swift */; };
/* End PBXBuildFile section */

/* Begin PBXContainerItemProxy section */
		9F1A3B772C248097000C89F7 /* PBXContainerItemProxy */ = {
			isa = PBXContainerItemProxy;
			containerPortal = 9F1A3B5D2C248095000C89F7 /* Project object */;
			proxyType = 1;
			remoteGlobalIDString = 9F1A3B642C248095000C89F7;
			remoteInfo = tca;
		};
		9F1A3B812C248097000C89F7 /* PBXContainerItemProxy */ = {
			isa = PBXContainerItemProxy;
			containerPortal = 9F1A3B5D2C248095000C89F7 /* Project object */;
			proxyType = 1;
			remoteGlobalIDString = 9F1A3B642C248095000C89F7;
			remoteInfo = tca;
		};
/* End PBXContainerItemProxy section */

/* Begin PBXFileReference section */
		670AB2222C25D0190069393F /* Info.plist */ = {isa = PBXFileReference; lastKnownFileType = text.plist; path = Info.plist; sourceTree = "<group>"; };
		6779E8F52C28C8840072E5E4 /* CounterFeatureTests.swift */ = {isa = PBXFileReference; lastKnownFileType = sourcecode.swift; path = CounterFeatureTests.swift; sourceTree = "<group>"; };
		6779E8F72C28EAAA0072E5E4 /* NumberFactClient.swift */ = {isa = PBXFileReference; lastKnownFileType = sourcecode.swift; path = NumberFactClient.swift; sourceTree = "<group>"; };
		6779E8F92C28F4690072E5E4 /* AppFeature.swift */ = {isa = PBXFileReference; lastKnownFileType = sourcecode.swift; path = AppFeature.swift; sourceTree = "<group>"; };
		9F0125D12C29CF5300D0B887 /* AppFeatureTests.swift */ = {isa = PBXFileReference; lastKnownFileType = sourcecode.swift; path = AppFeatureTests.swift; sourceTree = "<group>"; };
		9F0125D52C2AF7DF00D0B887 /* ContactsFeature.swift */ = {isa = PBXFileReference; lastKnownFileType = sourcecode.swift; path = ContactsFeature.swift; sourceTree = "<group>"; };
		9F0125D92C2AF95E00D0B887 /* ContactsView.swift */ = {isa = PBXFileReference; lastKnownFileType = sourcecode.swift; path = ContactsView.swift; sourceTree = "<group>"; };
		9F0125DB2C2AFAD100D0B887 /* AddContactView.swift */ = {isa = PBXFileReference; lastKnownFileType = sourcecode.swift; path = AddContactView.swift; sourceTree = "<group>"; };
		9F0125DD2C2AFAE000D0B887 /* AddContactFeature.swift */ = {isa = PBXFileReference; lastKnownFileType = sourcecode.swift; path = AddContactFeature.swift; sourceTree = "<group>"; };
		9F0125E22C2B2EDE00D0B887 /* simpleCounterView.swift */ = {isa = PBXFileReference; lastKnownFileType = sourcecode.swift; path = simpleCounterView.swift; sourceTree = "<group>"; };
		9F0125E42C2B316400D0B887 /* simpleCounterFeature.swift */ = {isa = PBXFileReference; lastKnownFileType = sourcecode.swift; path = simpleCounterFeature.swift; sourceTree = "<group>"; };
		9F0125E82C2B357800D0B887 /* AddOptionView.swift */ = {isa = PBXFileReference; lastKnownFileType = sourcecode.swift; path = AddOptionView.swift; sourceTree = "<group>"; };
		9F0125EA2C2B358700D0B887 /* AddOptionFeature.swift */ = {isa = PBXFileReference; lastKnownFileType = sourcecode.swift; path = AddOptionFeature.swift; sourceTree = "<group>"; };
		9F1A3B652C248095000C89F7 /* tca.app */ = {isa = PBXFileReference; explicitFileType = wrapper.application; includeInIndex = 0; path = tca.app; sourceTree = BUILT_PRODUCTS_DIR; };
		9F1A3B682C248095000C89F7 /* tcaApp.swift */ = {isa = PBXFileReference; lastKnownFileType = sourcecode.swift; path = tcaApp.swift; sourceTree = "<group>"; };
		9F1A3B6A2C248095000C89F7 /* CounterView.swift */ = {isa = PBXFileReference; lastKnownFileType = sourcecode.swift; path = CounterView.swift; sourceTree = "<group>"; };
		9F1A3B6C2C248097000C89F7 /* Assets.xcassets */ = {isa = PBXFileReference; lastKnownFileType = folder.assetcatalog; path = Assets.xcassets; sourceTree = "<group>"; };
		9F1A3B6E2C248097000C89F7 /* tca.entitlements */ = {isa = PBXFileReference; lastKnownFileType = text.plist.entitlements; path = tca.entitlements; sourceTree = "<group>"; };
		9F1A3B702C248097000C89F7 /* Preview Assets.xcassets */ = {isa = PBXFileReference; lastKnownFileType = folder.assetcatalog; path = "Preview Assets.xcassets"; sourceTree = "<group>"; };
		9F1A3B762C248097000C89F7 /* tcaTests.xctest */ = {isa = PBXFileReference; explicitFileType = wrapper.cfbundle; includeInIndex = 0; path = tcaTests.xctest; sourceTree = BUILT_PRODUCTS_DIR; };
		9F1A3B7A2C248097000C89F7 /* tcaTests.swift */ = {isa = PBXFileReference; lastKnownFileType = sourcecode.swift; path = tcaTests.swift; sourceTree = "<group>"; };
		9F1A3B802C248097000C89F7 /* tcaUITests.xctest */ = {isa = PBXFileReference; explicitFileType = wrapper.cfbundle; includeInIndex = 0; path = tcaUITests.xctest; sourceTree = BUILT_PRODUCTS_DIR; };
		9F1A3B842C248097000C89F7 /* tcaUITests.swift */ = {isa = PBXFileReference; lastKnownFileType = sourcecode.swift; path = tcaUITests.swift; sourceTree = "<group>"; };
		9F1A3B862C248097000C89F7 /* tcaUITestsLaunchTests.swift */ = {isa = PBXFileReference; lastKnownFileType = sourcecode.swift; path = tcaUITestsLaunchTests.swift; sourceTree = "<group>"; };
		9FD07CC22C24840A005448F6 /* CounterFeature.swift */ = {isa = PBXFileReference; lastKnownFileType = sourcecode.swift; path = CounterFeature.swift; sourceTree = "<group>"; };
/* End PBXFileReference section */

/* Begin PBXFrameworksBuildPhase section */
		9F1A3B622C248095000C89F7 /* Frameworks */ = {
			isa = PBXFrameworksBuildPhase;
			buildActionMask = 2147483647;
			files = (
				9F1A3B952C2480F7000C89F7 /* ComposableArchitecture in Frameworks */,
			);
			runOnlyForDeploymentPostprocessing = 0;
		};
		9F1A3B732C248097000C89F7 /* Frameworks */ = {
			isa = PBXFrameworksBuildPhase;
			buildActionMask = 2147483647;
			files = (
			);
			runOnlyForDeploymentPostprocessing = 0;
		};
		9F1A3B7D2C248097000C89F7 /* Frameworks */ = {
			isa = PBXFrameworksBuildPhase;
			buildActionMask = 2147483647;
			files = (
			);
			runOnlyForDeploymentPostprocessing = 0;
		};
/* End PBXFrameworksBuildPhase section */

/* Begin PBXGroup section */
		9F0125D32C29E20500D0B887 /* Your first presentation */ = {
			isa = PBXGroup;
			children = (
				9FBE7F922C2C67AB00709D30 /* contacts */,
				9FBE7F932C2C67BC00709D30 /* add Contacts */,
			);
			path = "Your first presentation";
			sourceTree = "<group>";
		};
		9F0125D42C29E21F00D0B887 /* Timer */ = {
			isa = PBXGroup;
			children = (
				6779E8F92C28F4690072E5E4 /* AppFeature.swift */,
				9F1A3B6A2C248095000C89F7 /* CounterView.swift */,
				9FD07CC22C24840A005448F6 /* CounterFeature.swift */,
				6779E8F72C28EAAA0072E5E4 /* NumberFactClient.swift */,
			);
			path = Timer;
			sourceTree = "<group>";
		};
		9F0125E12C2B2B9800D0B887 /* exampleViews */ = {
			isa = PBXGroup;
			children = (
				9FBE7F902C2C677D00709D30 /* Add option */,
				9FBE7F912C2C678E00709D30 /* simple counter */,
			);
			path = exampleViews;
			sourceTree = "<group>";
		};
		9F1A3B5C2C248095000C89F7 = {
			isa = PBXGroup;
			children = (
				9F1A3B672C248095000C89F7 /* tca */,
				9F0125E12C2B2B9800D0B887 /* exampleViews */,
				9F0125D42C29E21F00D0B887 /* Timer */,
				9F0125D32C29E20500D0B887 /* Your first presentation */,
				9F1A3B792C248097000C89F7 /* tcaTests */,
				9F1A3B832C248097000C89F7 /* tcaUITests */,
				9F1A3B662C248095000C89F7 /* Products */,
			);
			sourceTree = "<group>";
		};
		9F1A3B662C248095000C89F7 /* Products */ = {
			isa = PBXGroup;
			children = (
				9F1A3B652C248095000C89F7 /* tca.app */,
				9F1A3B762C248097000C89F7 /* tcaTests.xctest */,
				9F1A3B802C248097000C89F7 /* tcaUITests.xctest */,
			);
			name = Products;
			sourceTree = "<group>";
		};
		9F1A3B672C248095000C89F7 /* tca */ = {
			isa = PBXGroup;
			children = (
				670AB2222C25D0190069393F /* Info.plist */,
				9F1A3B682C248095000C89F7 /* tcaApp.swift */,
				9F1A3B6C2C248097000C89F7 /* Assets.xcassets */,
				9F1A3B6E2C248097000C89F7 /* tca.entitlements */,
				9F1A3B6F2C248097000C89F7 /* Preview Content */,
			);
			path = tca;
			sourceTree = "<group>";
		};
		9F1A3B6F2C248097000C89F7 /* Preview Content */ = {
			isa = PBXGroup;
			children = (
				9F1A3B702C248097000C89F7 /* Preview Assets.xcassets */,
			);
			path = "Preview Content";
			sourceTree = "<group>";
		};
		9F1A3B792C248097000C89F7 /* tcaTests */ = {
			isa = PBXGroup;
			children = (
				9F1A3B7A2C248097000C89F7 /* tcaTests.swift */,
				6779E8F52C28C8840072E5E4 /* CounterFeatureTests.swift */,
				9F0125D12C29CF5300D0B887 /* AppFeatureTests.swift */,
			);
			path = tcaTests;
			sourceTree = "<group>";
		};
		9F1A3B832C248097000C89F7 /* tcaUITests */ = {
			isa = PBXGroup;
			children = (
				9F1A3B842C248097000C89F7 /* tcaUITests.swift */,
				9F1A3B862C248097000C89F7 /* tcaUITestsLaunchTests.swift */,
			);
			path = tcaUITests;
			sourceTree = "<group>";
		};
		9FBE7F902C2C677D00709D30 /* Add option */ = {
			isa = PBXGroup;
			children = (
				9F0125E82C2B357800D0B887 /* AddOptionView.swift */,
				9F0125EA2C2B358700D0B887 /* AddOptionFeature.swift */,
			);
			path = "Add option";
			sourceTree = "<group>";
		};
		9FBE7F912C2C678E00709D30 /* simple counter */ = {
			isa = PBXGroup;
			children = (
				9F0125E22C2B2EDE00D0B887 /* simpleCounterView.swift */,
				9F0125E42C2B316400D0B887 /* simpleCounterFeature.swift */,
			);
			path = "simple counter";
			sourceTree = "<group>";
		};
		9FBE7F922C2C67AB00709D30 /* contacts */ = {
			isa = PBXGroup;
			children = (
				9F0125D52C2AF7DF00D0B887 /* ContactsFeature.swift */,
				9F0125D92C2AF95E00D0B887 /* ContactsView.swift */,
			);
			path = contacts;
			sourceTree = "<group>";
		};
		9FBE7F932C2C67BC00709D30 /* add Contacts */ = {
			isa = PBXGroup;
			children = (
				9F0125DB2C2AFAD100D0B887 /* AddContactView.swift */,
				9F0125DD2C2AFAE000D0B887 /* AddContactFeature.swift */,
			);
			path = "add Contacts";
			sourceTree = "<group>";
		};
/* End PBXGroup section */

/* Begin PBXNativeTarget section */
		9F1A3B642C248095000C89F7 /* tca */ = {
			isa = PBXNativeTarget;
			buildConfigurationList = 9F1A3B8A2C248097000C89F7 /* Build configuration list for PBXNativeTarget "tca" */;
			buildPhases = (
				9F1A3B612C248095000C89F7 /* Sources */,
				9F1A3B622C248095000C89F7 /* Frameworks */,
				9F1A3B632C248095000C89F7 /* Resources */,
			);
			buildRules = (
			);
			dependencies = (
			);
			name = tca;
			packageProductDependencies = (
				9F1A3B942C2480F7000C89F7 /* ComposableArchitecture */,
			);
			productName = tca;
			productReference = 9F1A3B652C248095000C89F7 /* tca.app */;
			productType = "com.apple.product-type.application";
		};
		9F1A3B752C248097000C89F7 /* tcaTests */ = {
			isa = PBXNativeTarget;
			buildConfigurationList = 9F1A3B8D2C248097000C89F7 /* Build configuration list for PBXNativeTarget "tcaTests" */;
			buildPhases = (
				9F1A3B722C248097000C89F7 /* Sources */,
				9F1A3B732C248097000C89F7 /* Frameworks */,
				9F1A3B742C248097000C89F7 /* Resources */,
			);
			buildRules = (
			);
			dependencies = (
				9F1A3B782C248097000C89F7 /* PBXTargetDependency */,
			);
			name = tcaTests;
			productName = tcaTests;
			productReference = 9F1A3B762C248097000C89F7 /* tcaTests.xctest */;
			productType = "com.apple.product-type.bundle.unit-test";
		};
		9F1A3B7F2C248097000C89F7 /* tcaUITests */ = {
			isa = PBXNativeTarget;
			buildConfigurationList = 9F1A3B902C248097000C89F7 /* Build configuration list for PBXNativeTarget "tcaUITests" */;
			buildPhases = (
				9F1A3B7C2C248097000C89F7 /* Sources */,
				9F1A3B7D2C248097000C89F7 /* Frameworks */,
				9F1A3B7E2C248097000C89F7 /* Resources */,
			);
			buildRules = (
			);
			dependencies = (
				9F1A3B822C248097000C89F7 /* PBXTargetDependency */,
			);
			name = tcaUITests;
			productName = tcaUITests;
			productReference = 9F1A3B802C248097000C89F7 /* tcaUITests.xctest */;
			productType = "com.apple.product-type.bundle.ui-testing";
		};
/* End PBXNativeTarget section */

/* Begin PBXProject section */
		9F1A3B5D2C248095000C89F7 /* Project object */ = {
			isa = PBXProject;
			attributes = {
				BuildIndependentTargetsInParallel = 1;
				LastSwiftUpdateCheck = 1520;
				LastUpgradeCheck = 1520;
				TargetAttributes = {
					9F1A3B642C248095000C89F7 = {
						CreatedOnToolsVersion = 15.2;
					};
					9F1A3B752C248097000C89F7 = {
						CreatedOnToolsVersion = 15.2;
						TestTargetID = 9F1A3B642C248095000C89F7;
					};
					9F1A3B7F2C248097000C89F7 = {
						CreatedOnToolsVersion = 15.2;
						TestTargetID = 9F1A3B642C248095000C89F7;
					};
				};
			};
			buildConfigurationList = 9F1A3B602C248095000C89F7 /* Build configuration list for PBXProject "tca" */;
			compatibilityVersion = "Xcode 14.0";
			developmentRegion = en;
			hasScannedForEncodings = 0;
			knownRegions = (
				en,
				Base,
			);
			mainGroup = 9F1A3B5C2C248095000C89F7;
			packageReferences = (
				9F1A3B932C2480F7000C89F7 /* XCRemoteSwiftPackageReference "swift-composable-architecture" */,
			);
			productRefGroup = 9F1A3B662C248095000C89F7 /* Products */;
			projectDirPath = "";
			projectRoot = "";
			targets = (
				9F1A3B642C248095000C89F7 /* tca */,
				9F1A3B752C248097000C89F7 /* tcaTests */,
				9F1A3B7F2C248097000C89F7 /* tcaUITests */,
			);
		};
/* End PBXProject section */

/* Begin PBXResourcesBuildPhase section */
		9F1A3B632C248095000C89F7 /* Resources */ = {
			isa = PBXResourcesBuildPhase;
			buildActionMask = 2147483647;
			files = (
				9F1A3B712C248097000C89F7 /* Preview Assets.xcassets in Resources */,
				9F1A3B6D2C248097000C89F7 /* Assets.xcassets in Resources */,
			);
			runOnlyForDeploymentPostprocessing = 0;
		};
		9F1A3B742C248097000C89F7 /* Resources */ = {
			isa = PBXResourcesBuildPhase;
			buildActionMask = 2147483647;
			files = (
			);
			runOnlyForDeploymentPostprocessing = 0;
		};
		9F1A3B7E2C248097000C89F7 /* Resources */ = {
			isa = PBXResourcesBuildPhase;
			buildActionMask = 2147483647;
			files = (
			);
			runOnlyForDeploymentPostprocessing = 0;
		};
/* End PBXResourcesBuildPhase section */

/* Begin PBXSourcesBuildPhase section */
		9F1A3B612C248095000C89F7 /* Sources */ = {
			isa = PBXSourcesBuildPhase;
			buildActionMask = 2147483647;
			files = (
				9FD07CC32C24840A005448F6 /* CounterFeature.swift in Sources */,
				6779E8FA2C28F4690072E5E4 /* AppFeature.swift in Sources */,
				9F1A3B6B2C248095000C89F7 /* CounterView.swift in Sources */,
				9F0125E92C2B357800D0B887 /* AddOptionView.swift in Sources */,
				9F1A3B692C248095000C89F7 /* tcaApp.swift in Sources */,
				9F0125DE2C2AFAE000D0B887 /* AddContactFeature.swift in Sources */,
				9F0125E32C2B2EDE00D0B887 /* simpleCounterView.swift in Sources */,
				6779E8F82C28EAAA0072E5E4 /* NumberFactClient.swift in Sources */,
				9F0125E52C2B316400D0B887 /* simpleCounterFeature.swift in Sources */,
				9F0125D62C2AF7DF00D0B887 /* ContactsFeature.swift in Sources */,
				9F0125DA2C2AF95E00D0B887 /* ContactsView.swift in Sources */,
				9F0125EB2C2B358700D0B887 /* AddOptionFeature.swift in Sources */,
				9F0125DC2C2AFAD100D0B887 /* AddContactView.swift in Sources */,
			);
			runOnlyForDeploymentPostprocessing = 0;
		};
		9F1A3B722C248097000C89F7 /* Sources */ = {
			isa = PBXSourcesBuildPhase;
			buildActionMask = 2147483647;
			files = (
				9F1A3B7B2C248097000C89F7 /* tcaTests.swift in Sources */,
				6779E8F62C28C8850072E5E4 /* CounterFeatureTests.swift in Sources */,
				9F0125D22C29CF5300D0B887 /* AppFeatureTests.swift in Sources */,
			);
			runOnlyForDeploymentPostprocessing = 0;
		};
		9F1A3B7C2C248097000C89F7 /* Sources */ = {
			isa = PBXSourcesBuildPhase;
			buildActionMask = 2147483647;
			files = (
				9F1A3B852C248097000C89F7 /* tcaUITests.swift in Sources */,
				9F1A3B872C248097000C89F7 /* tcaUITestsLaunchTests.swift in Sources */,
			);
			runOnlyForDeploymentPostprocessing = 0;
		};
/* End PBXSourcesBuildPhase section */

/* Begin PBXTargetDependency section */
		9F1A3B782C248097000C89F7 /* PBXTargetDependency */ = {
			isa = PBXTargetDependency;
			target = 9F1A3B642C248095000C89F7 /* tca */;
			targetProxy = 9F1A3B772C248097000C89F7 /* PBXContainerItemProxy */;
		};
		9F1A3B822C248097000C89F7 /* PBXTargetDependency */ = {
			isa = PBXTargetDependency;
			target = 9F1A3B642C248095000C89F7 /* tca */;
			targetProxy = 9F1A3B812C248097000C89F7 /* PBXContainerItemProxy */;
		};
/* End PBXTargetDependency section */

/* Begin XCBuildConfiguration section */
		9F1A3B882C248097000C89F7 /* Debug */ = {
			isa = XCBuildConfiguration;
			buildSettings = {
				ALWAYS_SEARCH_USER_PATHS = NO;
				ASSETCATALOG_COMPILER_GENERATE_SWIFT_ASSET_SYMBOL_EXTENSIONS = YES;
				CLANG_ANALYZER_NONNULL = YES;
				CLANG_ANALYZER_NUMBER_OBJECT_CONVERSION = YES_AGGRESSIVE;
				CLANG_CXX_LANGUAGE_STANDARD = "gnu++20";
				CLANG_ENABLE_MODULES = YES;
				CLANG_ENABLE_OBJC_ARC = YES;
				CLANG_ENABLE_OBJC_WEAK = YES;
				CLANG_WARN_BLOCK_CAPTURE_AUTORELEASING = YES;
				CLANG_WARN_BOOL_CONVERSION = YES;
				CLANG_WARN_COMMA = YES;
				CLANG_WARN_CONSTANT_CONVERSION = YES;
				CLANG_WARN_DEPRECATED_OBJC_IMPLEMENTATIONS = YES;
				CLANG_WARN_DIRECT_OBJC_ISA_USAGE = YES_ERROR;
				CLANG_WARN_DOCUMENTATION_COMMENTS = YES;
				CLANG_WARN_EMPTY_BODY = YES;
				CLANG_WARN_ENUM_CONVERSION = YES;
				CLANG_WARN_INFINITE_RECURSION = YES;
				CLANG_WARN_INT_CONVERSION = YES;
				CLANG_WARN_NON_LITERAL_NULL_CONVERSION = YES;
				CLANG_WARN_OBJC_IMPLICIT_RETAIN_SELF = YES;
				CLANG_WARN_OBJC_LITERAL_CONVERSION = YES;
				CLANG_WARN_OBJC_ROOT_CLASS = YES_ERROR;
				CLANG_WARN_QUOTED_INCLUDE_IN_FRAMEWORK_HEADER = YES;
				CLANG_WARN_RANGE_LOOP_ANALYSIS = YES;
				CLANG_WARN_STRICT_PROTOTYPES = YES;
				CLANG_WARN_SUSPICIOUS_MOVE = YES;
				CLANG_WARN_UNGUARDED_AVAILABILITY = YES_AGGRESSIVE;
				CLANG_WARN_UNREACHABLE_CODE = YES;
				CLANG_WARN__DUPLICATE_METHOD_MATCH = YES;
				COPY_PHASE_STRIP = NO;
				DEBUG_INFORMATION_FORMAT = dwarf;
				ENABLE_STRICT_OBJC_MSGSEND = YES;
				ENABLE_TESTABILITY = YES;
				ENABLE_USER_SCRIPT_SANDBOXING = YES;
				GCC_C_LANGUAGE_STANDARD = gnu17;
				GCC_DYNAMIC_NO_PIC = NO;
				GCC_NO_COMMON_BLOCKS = YES;
				GCC_OPTIMIZATION_LEVEL = 0;
				GCC_PREPROCESSOR_DEFINITIONS = (
					"DEBUG=1",
					"$(inherited)",
				);
				GCC_WARN_64_TO_32_BIT_CONVERSION = YES;
				GCC_WARN_ABOUT_RETURN_TYPE = YES_ERROR;
				GCC_WARN_UNDECLARED_SELECTOR = YES;
				GCC_WARN_UNINITIALIZED_AUTOS = YES_AGGRESSIVE;
				GCC_WARN_UNUSED_FUNCTION = YES;
				GCC_WARN_UNUSED_VARIABLE = YES;
				LOCALIZATION_PREFERS_STRING_CATALOGS = YES;
				MTL_ENABLE_DEBUG_INFO = INCLUDE_SOURCE;
				MTL_FAST_MATH = YES;
				ONLY_ACTIVE_ARCH = YES;
				SWIFT_ACTIVE_COMPILATION_CONDITIONS = "DEBUG $(inherited)";
				SWIFT_OPTIMIZATION_LEVEL = "-Onone";
			};
			name = Debug;
		};
		9F1A3B892C248097000C89F7 /* Release */ = {
			isa = XCBuildConfiguration;
			buildSettings = {
				ALWAYS_SEARCH_USER_PATHS = NO;
				ASSETCATALOG_COMPILER_GENERATE_SWIFT_ASSET_SYMBOL_EXTENSIONS = YES;
				CLANG_ANALYZER_NONNULL = YES;
				CLANG_ANALYZER_NUMBER_OBJECT_CONVERSION = YES_AGGRESSIVE;
				CLANG_CXX_LANGUAGE_STANDARD = "gnu++20";
				CLANG_ENABLE_MODULES = YES;
				CLANG_ENABLE_OBJC_ARC = YES;
				CLANG_ENABLE_OBJC_WEAK = YES;
				CLANG_WARN_BLOCK_CAPTURE_AUTORELEASING = YES;
				CLANG_WARN_BOOL_CONVERSION = YES;
				CLANG_WARN_COMMA = YES;
				CLANG_WARN_CONSTANT_CONVERSION = YES;
				CLANG_WARN_DEPRECATED_OBJC_IMPLEMENTATIONS = YES;
				CLANG_WARN_DIRECT_OBJC_ISA_USAGE = YES_ERROR;
				CLANG_WARN_DOCUMENTATION_COMMENTS = YES;
				CLANG_WARN_EMPTY_BODY = YES;
				CLANG_WARN_ENUM_CONVERSION = YES;
				CLANG_WARN_INFINITE_RECURSION = YES;
				CLANG_WARN_INT_CONVERSION = YES;
				CLANG_WARN_NON_LITERAL_NULL_CONVERSION = YES;
				CLANG_WARN_OBJC_IMPLICIT_RETAIN_SELF = YES;
				CLANG_WARN_OBJC_LITERAL_CONVERSION = YES;
				CLANG_WARN_OBJC_ROOT_CLASS = YES_ERROR;
				CLANG_WARN_QUOTED_INCLUDE_IN_FRAMEWORK_HEADER = YES;
				CLANG_WARN_RANGE_LOOP_ANALYSIS = YES;
				CLANG_WARN_STRICT_PROTOTYPES = YES;
				CLANG_WARN_SUSPICIOUS_MOVE = YES;
				CLANG_WARN_UNGUARDED_AVAILABILITY = YES_AGGRESSIVE;
				CLANG_WARN_UNREACHABLE_CODE = YES;
				CLANG_WARN__DUPLICATE_METHOD_MATCH = YES;
				COPY_PHASE_STRIP = NO;
				DEBUG_INFORMATION_FORMAT = "dwarf-with-dsym";
				ENABLE_NS_ASSERTIONS = NO;
				ENABLE_STRICT_OBJC_MSGSEND = YES;
				ENABLE_USER_SCRIPT_SANDBOXING = YES;
				GCC_C_LANGUAGE_STANDARD = gnu17;
				GCC_NO_COMMON_BLOCKS = YES;
				GCC_WARN_64_TO_32_BIT_CONVERSION = YES;
				GCC_WARN_ABOUT_RETURN_TYPE = YES_ERROR;
				GCC_WARN_UNDECLARED_SELECTOR = YES;
				GCC_WARN_UNINITIALIZED_AUTOS = YES_AGGRESSIVE;
				GCC_WARN_UNUSED_FUNCTION = YES;
				GCC_WARN_UNUSED_VARIABLE = YES;
				LOCALIZATION_PREFERS_STRING_CATALOGS = YES;
				MTL_ENABLE_DEBUG_INFO = NO;
				MTL_FAST_MATH = YES;
				SWIFT_COMPILATION_MODE = wholemodule;
			};
			name = Release;
		};
		9F1A3B8B2C248097000C89F7 /* Debug */ = {
			isa = XCBuildConfiguration;
			buildSettings = {
				ASSETCATALOG_COMPILER_APPICON_NAME = AppIcon;
				ASSETCATALOG_COMPILER_GLOBAL_ACCENT_COLOR_NAME = AccentColor;
				CODE_SIGN_ENTITLEMENTS = tca/tca.entitlements;
				CODE_SIGN_STYLE = Automatic;
				CURRENT_PROJECT_VERSION = 1;
				DEVELOPMENT_ASSET_PATHS = "\"tca/Preview Content\"";
				DEVELOPMENT_TEAM = WUC7ZD3YTG;
				ENABLE_HARDENED_RUNTIME = YES;
				ENABLE_PREVIEWS = YES;
				GENERATE_INFOPLIST_FILE = YES;
				INFOPLIST_FILE = tca/Info.plist;
				"INFOPLIST_KEY_UIApplicationSceneManifest_Generation[sdk=iphoneos*]" = YES;
				"INFOPLIST_KEY_UIApplicationSceneManifest_Generation[sdk=iphonesimulator*]" = YES;
				"INFOPLIST_KEY_UIApplicationSupportsIndirectInputEvents[sdk=iphoneos*]" = YES;
				"INFOPLIST_KEY_UIApplicationSupportsIndirectInputEvents[sdk=iphonesimulator*]" = YES;
				"INFOPLIST_KEY_UILaunchScreen_Generation[sdk=iphoneos*]" = YES;
				"INFOPLIST_KEY_UILaunchScreen_Generation[sdk=iphonesimulator*]" = YES;
				"INFOPLIST_KEY_UIStatusBarStyle[sdk=iphoneos*]" = UIStatusBarStyleDefault;
				"INFOPLIST_KEY_UIStatusBarStyle[sdk=iphonesimulator*]" = UIStatusBarStyleDefault;
				INFOPLIST_KEY_UISupportedInterfaceOrientations_iPad = "UIInterfaceOrientationPortrait UIInterfaceOrientationPortraitUpsideDown UIInterfaceOrientationLandscapeLeft UIInterfaceOrientationLandscapeRight";
				INFOPLIST_KEY_UISupportedInterfaceOrientations_iPhone = "UIInterfaceOrientationPortrait UIInterfaceOrientationLandscapeLeft UIInterfaceOrientationLandscapeRight";
				IPHONEOS_DEPLOYMENT_TARGET = 17.2;
				LD_RUNPATH_SEARCH_PATHS = "@executable_path/Frameworks";
				"LD_RUNPATH_SEARCH_PATHS[sdk=macosx*]" = "@executable_path/../Frameworks";
				MACOSX_DEPLOYMENT_TARGET = 14.2;
				MARKETING_VERSION = 1.0;
				PRODUCT_BUNDLE_IDENTIFIER = com.emm.tca;
				PRODUCT_NAME = "$(TARGET_NAME)";
				SDKROOT = auto;
				SUPPORTED_PLATFORMS = "iphoneos iphonesimulator macosx";
				SWIFT_EMIT_LOC_STRINGS = YES;
				SWIFT_VERSION = 5.0;
				TARGETED_DEVICE_FAMILY = "1,2";
			};
			name = Debug;
		};
		9F1A3B8C2C248097000C89F7 /* Release */ = {
			isa = XCBuildConfiguration;
			buildSettings = {
				ASSETCATALOG_COMPILER_APPICON_NAME = AppIcon;
				ASSETCATALOG_COMPILER_GLOBAL_ACCENT_COLOR_NAME = AccentColor;
				CODE_SIGN_ENTITLEMENTS = tca/tca.entitlements;
				CODE_SIGN_STYLE = Automatic;
				CURRENT_PROJECT_VERSION = 1;
				DEVELOPMENT_ASSET_PATHS = "\"tca/Preview Content\"";
				DEVELOPMENT_TEAM = WUC7ZD3YTG;
				ENABLE_HARDENED_RUNTIME = YES;
				ENABLE_PREVIEWS = YES;
				GENERATE_INFOPLIST_FILE = YES;
				INFOPLIST_FILE = tca/Info.plist;
				"INFOPLIST_KEY_UIApplicationSceneManifest_Generation[sdk=iphoneos*]" = YES;
				"INFOPLIST_KEY_UIApplicationSceneManifest_Generation[sdk=iphonesimulator*]" = YES;
				"INFOPLIST_KEY_UIApplicationSupportsIndirectInputEvents[sdk=iphoneos*]" = YES;
				"INFOPLIST_KEY_UIApplicationSupportsIndirectInputEvents[sdk=iphonesimulator*]" = YES;
				"INFOPLIST_KEY_UILaunchScreen_Generation[sdk=iphoneos*]" = YES;
				"INFOPLIST_KEY_UILaunchScreen_Generation[sdk=iphonesimulator*]" = YES;
				"INFOPLIST_KEY_UIStatusBarStyle[sdk=iphoneos*]" = UIStatusBarStyleDefault;
				"INFOPLIST_KEY_UIStatusBarStyle[sdk=iphonesimulator*]" = UIStatusBarStyleDefault;
				INFOPLIST_KEY_UISupportedInterfaceOrientations_iPad = "UIInterfaceOrientationPortrait UIInterfaceOrientationPortraitUpsideDown UIInterfaceOrientationLandscapeLeft UIInterfaceOrientationLandscapeRight";
				INFOPLIST_KEY_UISupportedInterfaceOrientations_iPhone = "UIInterfaceOrientationPortrait UIInterfaceOrientationLandscapeLeft UIInterfaceOrientationLandscapeRight";
				IPHONEOS_DEPLOYMENT_TARGET = 17.2;
				LD_RUNPATH_SEARCH_PATHS = "@executable_path/Frameworks";
				"LD_RUNPATH_SEARCH_PATHS[sdk=macosx*]" = "@executable_path/../Frameworks";
				MACOSX_DEPLOYMENT_TARGET = 14.2;
				MARKETING_VERSION = 1.0;
				PRODUCT_BUNDLE_IDENTIFIER = com.emm.tca;
				PRODUCT_NAME = "$(TARGET_NAME)";
				SDKROOT = auto;
				SUPPORTED_PLATFORMS = "iphoneos iphonesimulator macosx";
				SWIFT_EMIT_LOC_STRINGS = YES;
				SWIFT_VERSION = 5.0;
				TARGETED_DEVICE_FAMILY = "1,2";
			};
			name = Release;
		};
		9F1A3B8E2C248097000C89F7 /* Debug */ = {
			isa = XCBuildConfiguration;
			buildSettings = {
				ALWAYS_EMBED_SWIFT_STANDARD_LIBRARIES = YES;
				BUNDLE_LOADER = "$(TEST_HOST)";
				CODE_SIGN_STYLE = Automatic;
				CURRENT_PROJECT_VERSION = 1;
				DEVELOPMENT_TEAM = WUC7ZD3YTG;
				GENERATE_INFOPLIST_FILE = YES;
				IPHONEOS_DEPLOYMENT_TARGET = 17.2;
				MACOSX_DEPLOYMENT_TARGET = 14.2;
				MARKETING_VERSION = 1.0;
				PRODUCT_BUNDLE_IDENTIFIER = com.emm.tcaTests;
				PRODUCT_NAME = "$(TARGET_NAME)";
				SDKROOT = auto;
				SUPPORTED_PLATFORMS = "iphoneos iphonesimulator macosx";
				SWIFT_EMIT_LOC_STRINGS = NO;
				SWIFT_VERSION = 5.0;
				TARGETED_DEVICE_FAMILY = "1,2";
				TEST_HOST = "$(BUILT_PRODUCTS_DIR)/tca.app/$(BUNDLE_EXECUTABLE_FOLDER_PATH)/tca";
			};
			name = Debug;
		};
		9F1A3B8F2C248097000C89F7 /* Release */ = {
			isa = XCBuildConfiguration;
			buildSettings = {
				ALWAYS_EMBED_SWIFT_STANDARD_LIBRARIES = YES;
				BUNDLE_LOADER = "$(TEST_HOST)";
				CODE_SIGN_STYLE = Automatic;
				CURRENT_PROJECT_VERSION = 1;
				DEVELOPMENT_TEAM = WUC7ZD3YTG;
				GENERATE_INFOPLIST_FILE = YES;
				IPHONEOS_DEPLOYMENT_TARGET = 17.2;
				MACOSX_DEPLOYMENT_TARGET = 14.2;
				MARKETING_VERSION = 1.0;
				PRODUCT_BUNDLE_IDENTIFIER = com.emm.tcaTests;
				PRODUCT_NAME = "$(TARGET_NAME)";
				SDKROOT = auto;
				SUPPORTED_PLATFORMS = "iphoneos iphonesimulator macosx";
				SWIFT_EMIT_LOC_STRINGS = NO;
				SWIFT_VERSION = 5.0;
				TARGETED_DEVICE_FAMILY = "1,2";
				TEST_HOST = "$(BUILT_PRODUCTS_DIR)/tca.app/$(BUNDLE_EXECUTABLE_FOLDER_PATH)/tca";
			};
			name = Release;
		};
		9F1A3B912C248097000C89F7 /* Debug */ = {
			isa = XCBuildConfiguration;
			buildSettings = {
				ALWAYS_EMBED_SWIFT_STANDARD_LIBRARIES = YES;
				CODE_SIGN_STYLE = Automatic;
				CURRENT_PROJECT_VERSION = 1;
				DEVELOPMENT_TEAM = WUC7ZD3YTG;
				GENERATE_INFOPLIST_FILE = YES;
				IPHONEOS_DEPLOYMENT_TARGET = 17.2;
				MACOSX_DEPLOYMENT_TARGET = 14.2;
				MARKETING_VERSION = 1.0;
				PRODUCT_BUNDLE_IDENTIFIER = com.emm.tcaUITests;
				PRODUCT_NAME = "$(TARGET_NAME)";
				SDKROOT = auto;
				SUPPORTED_PLATFORMS = "iphoneos iphonesimulator macosx";
				SWIFT_EMIT_LOC_STRINGS = NO;
				SWIFT_VERSION = 5.0;
				TARGETED_DEVICE_FAMILY = "1,2";
				TEST_TARGET_NAME = tca;
			};
			name = Debug;
		};
		9F1A3B922C248097000C89F7 /* Release */ = {
			isa = XCBuildConfiguration;
			buildSettings = {
				ALWAYS_EMBED_SWIFT_STANDARD_LIBRARIES = YES;
				CODE_SIGN_STYLE = Automatic;
				CURRENT_PROJECT_VERSION = 1;
				DEVELOPMENT_TEAM = WUC7ZD3YTG;
				GENERATE_INFOPLIST_FILE = YES;
				IPHONEOS_DEPLOYMENT_TARGET = 17.2;
				MACOSX_DEPLOYMENT_TARGET = 14.2;
				MARKETING_VERSION = 1.0;
				PRODUCT_BUNDLE_IDENTIFIER = com.emm.tcaUITests;
				PRODUCT_NAME = "$(TARGET_NAME)";
				SDKROOT = auto;
				SUPPORTED_PLATFORMS = "iphoneos iphonesimulator macosx";
				SWIFT_EMIT_LOC_STRINGS = NO;
				SWIFT_VERSION = 5.0;
				TARGETED_DEVICE_FAMILY = "1,2";
				TEST_TARGET_NAME = tca;
			};
			name = Release;
		};
/* End XCBuildConfiguration section */

/* Begin XCConfigurationList section */
		9F1A3B602C248095000C89F7 /* Build configuration list for PBXProject "tca" */ = {
			isa = XCConfigurationList;
			buildConfigurations = (
				9F1A3B882C248097000C89F7 /* Debug */,
				9F1A3B892C248097000C89F7 /* Release */,
			);
			defaultConfigurationIsVisible = 0;
			defaultConfigurationName = Release;
		};
		9F1A3B8A2C248097000C89F7 /* Build configuration list for PBXNativeTarget "tca" */ = {
			isa = XCConfigurationList;
			buildConfigurations = (
				9F1A3B8B2C248097000C89F7 /* Debug */,
				9F1A3B8C2C248097000C89F7 /* Release */,
			);
			defaultConfigurationIsVisible = 0;
			defaultConfigurationName = Release;
		};
		9F1A3B8D2C248097000C89F7 /* Build configuration list for PBXNativeTarget "tcaTests" */ = {
			isa = XCConfigurationList;
			buildConfigurations = (
				9F1A3B8E2C248097000C89F7 /* Debug */,
				9F1A3B8F2C248097000C89F7 /* Release */,
			);
			defaultConfigurationIsVisible = 0;
			defaultConfigurationName = Release;
		};
		9F1A3B902C248097000C89F7 /* Build configuration list for PBXNativeTarget "tcaUITests" */ = {
			isa = XCConfigurationList;
			buildConfigurations = (
				9F1A3B912C248097000C89F7 /* Debug */,
				9F1A3B922C248097000C89F7 /* Release */,
			);
			defaultConfigurationIsVisible = 0;
			defaultConfigurationName = Release;
		};
/* End XCConfigurationList section */

/* Begin XCRemoteSwiftPackageReference section */
		9F1A3B932C2480F7000C89F7 /* XCRemoteSwiftPackageReference "swift-composable-architecture" */ = {
			isa = XCRemoteSwiftPackageReference;
			repositoryURL = "https://github.com/pointfreeco/swift-composable-architecture?tab=readme-ov-file";
			requirement = {
				kind = upToNextMajorVersion;
				minimumVersion = 1.11.2;
			};
		};
/* End XCRemoteSwiftPackageReference section */

/* Begin XCSwiftPackageProductDependency section */
		9F1A3B942C2480F7000C89F7 /* ComposableArchitecture */ = {
			isa = XCSwiftPackageProductDependency;
			package = 9F1A3B932C2480F7000C89F7 /* XCRemoteSwiftPackageReference "swift-composable-architecture" */;
			productName = ComposableArchitecture;
		};
/* End XCSwiftPackageProductDependency section */
	};
	rootObject = 9F1A3B5D2C248095000C89F7 /* Project object */;
}
